// !$*UTF8*$!
{
	archiveVersion = 1;
	classes = {
	};
	objectVersion = 47;
	objects = {

/* Begin PBXBuildFile section */
		8312CD701B7922EA008F78BC /* ELIStatusItem.xib in Resources */ = {isa = PBXBuildFile; fileRef = 8312CD6F1B7922EA008F78BC /* ELIStatusItem.xib */; };
		8312CD731B7924A5008F78BC /* ELIStatusItem.m in Sources */ = {isa = PBXBuildFile; fileRef = 8312CD721B7924A5008F78BC /* ELIStatusItem.m */; };
		8312CD761B793EA8008F78BC /* ELIParentApp.m in Sources */ = {isa = PBXBuildFile; fileRef = 8312CD751B793EA8008F78BC /* ELIParentApp.m */; };
		837E0FB61B76797700A18CD7 /* EJEAppDelegate.m in Sources */ = {isa = PBXBuildFile; fileRef = 837E0FB51B76797700A18CD7 /* EJEAppDelegate.m */; };
		837E0FB81B76797700A18CD7 /* EJEMain.m in Sources */ = {isa = PBXBuildFile; fileRef = 837E0FB71B76797700A18CD7 /* EJEMain.m */; };
		837E0FBB1B76797700A18CD7 /* EJEViewController.m in Sources */ = {isa = PBXBuildFile; fileRef = 837E0FBA1B76797700A18CD7 /* EJEViewController.m */; };
		837E0FBD1B76797700A18CD7 /* EJEImages.xcassets in Resources */ = {isa = PBXBuildFile; fileRef = 837E0FBC1B76797700A18CD7 /* EJEImages.xcassets */; };
		837E0FC01B76797700A18CD7 /* EJEMain.storyboard in Resources */ = {isa = PBXBuildFile; fileRef = 837E0FBE1B76797700A18CD7 /* EJEMain.storyboard */; };
		837E0FCC1B76797700A18CD7 /* EJETests.m in Sources */ = {isa = PBXBuildFile; fileRef = 837E0FCB1B76797700A18CD7 /* EJETests.m */; };
		83DBDB1D1B7799D000419543 /* ELIAppDelegate.m in Sources */ = {isa = PBXBuildFile; fileRef = 83DBDB1C1B7799D000419543 /* ELIAppDelegate.m */; };
		83DBDB1F1B7799D000419543 /* ELIMain.m in Sources */ = {isa = PBXBuildFile; fileRef = 83DBDB1E1B7799D000419543 /* ELIMain.m */; };
		83DBDB211B7799D000419543 /* ELIImages.xcassets in Resources */ = {isa = PBXBuildFile; fileRef = 83DBDB201B7799D000419543 /* ELIImages.xcassets */; };
		83DBDB241B7799D000419543 /* ELIMainMenu.xib in Resources */ = {isa = PBXBuildFile; fileRef = 83DBDB221B7799D000419543 /* ELIMainMenu.xib */; };
		83DBDB301B7799D000419543 /* ELITests.m in Sources */ = {isa = PBXBuildFile; fileRef = 83DBDB2F1B7799D000419543 /* ELITests.m */; };
		83DBDB3C1B779C2E00419543 /* EjectorLoginItem.app in CopyFiles */ = {isa = PBXBuildFile; fileRef = 83DBDB171B7799D000419543 /* EjectorLoginItem.app */; settings = {ATTRIBUTES = (RemoveHeadersOnCopy, ); }; };
/* End PBXBuildFile section */

/* Begin PBXContainerItemProxy section */
		837E0FC61B76797700A18CD7 /* PBXContainerItemProxy */ = {
			isa = PBXContainerItemProxy;
			containerPortal = 837E0FA71B76797700A18CD7 /* Project object */;
			proxyType = 1;
			remoteGlobalIDString = 837E0FAE1B76797700A18CD7;
			remoteInfo = Ejector;
		};
		83DBDB2A1B7799D000419543 /* PBXContainerItemProxy */ = {
			isa = PBXContainerItemProxy;
			containerPortal = 837E0FA71B76797700A18CD7 /* Project object */;
			proxyType = 1;
			remoteGlobalIDString = 83DBDB161B7799D000419543;
			remoteInfo = EjectorLoginItem;
		};
		83DBDB391B779A3800419543 /* PBXContainerItemProxy */ = {
			isa = PBXContainerItemProxy;
			containerPortal = 837E0FA71B76797700A18CD7 /* Project object */;
			proxyType = 1;
			remoteGlobalIDString = 83DBDB161B7799D000419543;
			remoteInfo = EjectorLoginItem;
		};
/* End PBXContainerItemProxy section */

/* Begin PBXCopyFilesBuildPhase section */
		83DBDB3B1B779C1700419543 /* CopyFiles */ = {
			isa = PBXCopyFilesBuildPhase;
			buildActionMask = 2147483647;
			dstPath = Contents/Library/LoginItems;
			dstSubfolderSpec = 1;
			files = (
				83DBDB3C1B779C2E00419543 /* EjectorLoginItem.app in CopyFiles */,
			);
			runOnlyForDeploymentPostprocessing = 0;
		};
/* End PBXCopyFilesBuildPhase section */

/* Begin PBXFileReference section */
		8312CD6F1B7922EA008F78BC /* ELIStatusItem.xib */ = {isa = PBXFileReference; fileEncoding = 4; lastKnownFileType = file.xib; path = ELIStatusItem.xib; sourceTree = "<group>"; };
		8312CD711B7924A5008F78BC /* ELIStatusItem.h */ = {isa = PBXFileReference; fileEncoding = 4; lastKnownFileType = sourcecode.c.h; path = ELIStatusItem.h; sourceTree = "<group>"; };
		8312CD721B7924A5008F78BC /* ELIStatusItem.m */ = {isa = PBXFileReference; fileEncoding = 4; lastKnownFileType = sourcecode.c.objc; path = ELIStatusItem.m; sourceTree = "<group>"; };
		8312CD741B793EA8008F78BC /* ELIParentApp.h */ = {isa = PBXFileReference; fileEncoding = 4; lastKnownFileType = sourcecode.c.h; path = ELIParentApp.h; sourceTree = "<group>"; };
		8312CD751B793EA8008F78BC /* ELIParentApp.m */ = {isa = PBXFileReference; fileEncoding = 4; lastKnownFileType = sourcecode.c.objc; path = ELIParentApp.m; sourceTree = "<group>"; };
		837E0FAF1B76797700A18CD7 /* Ejector.app */ = {isa = PBXFileReference; explicitFileType = wrapper.application; includeInIndex = 0; path = Ejector.app; sourceTree = BUILT_PRODUCTS_DIR; };
		837E0FB31B76797700A18CD7 /* EJEInfo.plist */ = {isa = PBXFileReference; lastKnownFileType = text.plist.xml; path = EJEInfo.plist; sourceTree = "<group>"; };
		837E0FB41B76797700A18CD7 /* EJEAppDelegate.h */ = {isa = PBXFileReference; lastKnownFileType = sourcecode.c.h; path = EJEAppDelegate.h; sourceTree = "<group>"; };
		837E0FB51B76797700A18CD7 /* EJEAppDelegate.m */ = {isa = PBXFileReference; lastKnownFileType = sourcecode.c.objc; path = EJEAppDelegate.m; sourceTree = "<group>"; };
		837E0FB71B76797700A18CD7 /* EJEMain.m */ = {isa = PBXFileReference; lastKnownFileType = sourcecode.c.objc; path = EJEMain.m; sourceTree = "<group>"; };
		837E0FB91B76797700A18CD7 /* EJEViewController.h */ = {isa = PBXFileReference; lastKnownFileType = sourcecode.c.h; path = EJEViewController.h; sourceTree = "<group>"; };
		837E0FBA1B76797700A18CD7 /* EJEViewController.m */ = {isa = PBXFileReference; lastKnownFileType = sourcecode.c.objc; path = EJEViewController.m; sourceTree = "<group>"; };
		837E0FBC1B76797700A18CD7 /* EJEImages.xcassets */ = {isa = PBXFileReference; lastKnownFileType = folder.assetcatalog; path = EJEImages.xcassets; sourceTree = "<group>"; };
		837E0FBF1B76797700A18CD7 /* Base */ = {isa = PBXFileReference; lastKnownFileType = file.storyboard; name = Base; path = Base.lproj/EJEMain.storyboard; sourceTree = "<group>"; };
		837E0FC51B76797700A18CD7 /* EjectorTests.xctest */ = {isa = PBXFileReference; explicitFileType = wrapper.cfbundle; includeInIndex = 0; path = EjectorTests.xctest; sourceTree = BUILT_PRODUCTS_DIR; };
		837E0FCA1B76797700A18CD7 /* EJETestsInfo.plist */ = {isa = PBXFileReference; lastKnownFileType = text.plist.xml; path = EJETestsInfo.plist; sourceTree = "<group>"; };
		837E0FCB1B76797700A18CD7 /* EJETests.m */ = {isa = PBXFileReference; lastKnownFileType = sourcecode.c.objc; path = EJETests.m; sourceTree = "<group>"; };
		837E0FD51B767A8600A18CD7 /* Ejector.entitlements */ = {isa = PBXFileReference; lastKnownFileType = text.xml; path = Ejector.entitlements; sourceTree = "<group>"; };
		83DBDB171B7799D000419543 /* EjectorLoginItem.app */ = {isa = PBXFileReference; explicitFileType = wrapper.application; includeInIndex = 0; path = EjectorLoginItem.app; sourceTree = BUILT_PRODUCTS_DIR; };
		83DBDB1A1B7799D000419543 /* ELIInfo.plist */ = {isa = PBXFileReference; lastKnownFileType = text.plist.xml; path = ELIInfo.plist; sourceTree = "<group>"; };
		83DBDB1B1B7799D000419543 /* ELIAppDelegate.h */ = {isa = PBXFileReference; lastKnownFileType = sourcecode.c.h; path = ELIAppDelegate.h; sourceTree = "<group>"; };
		83DBDB1C1B7799D000419543 /* ELIAppDelegate.m */ = {isa = PBXFileReference; lastKnownFileType = sourcecode.c.objc; path = ELIAppDelegate.m; sourceTree = "<group>"; };
		83DBDB1E1B7799D000419543 /* ELIMain.m */ = {isa = PBXFileReference; lastKnownFileType = sourcecode.c.objc; path = ELIMain.m; sourceTree = "<group>"; };
		83DBDB201B7799D000419543 /* ELIImages.xcassets */ = {isa = PBXFileReference; lastKnownFileType = folder.assetcatalog; path = ELIImages.xcassets; sourceTree = "<group>"; };
		83DBDB231B7799D000419543 /* Base */ = {isa = PBXFileReference; lastKnownFileType = file.xib; name = Base; path = Base.lproj/ELIMainMenu.xib; sourceTree = "<group>"; };
		83DBDB291B7799D000419543 /* EjectorLoginItemTests.xctest */ = {isa = PBXFileReference; explicitFileType = wrapper.cfbundle; includeInIndex = 0; path = EjectorLoginItemTests.xctest; sourceTree = BUILT_PRODUCTS_DIR; };
		83DBDB2E1B7799D000419543 /* ELITestsInfo.plist */ = {isa = PBXFileReference; lastKnownFileType = text.plist.xml; path = ELITestsInfo.plist; sourceTree = "<group>"; };
		83DBDB2F1B7799D000419543 /* ELITests.m */ = {isa = PBXFileReference; lastKnownFileType = sourcecode.c.objc; path = ELITests.m; sourceTree = "<group>"; };
		83DBDB371B7799E700419543 /* EjectorLoginItem.entitlements */ = {isa = PBXFileReference; lastKnownFileType = text.xml; path = EjectorLoginItem.entitlements; sourceTree = "<group>"; };
/* End PBXFileReference section */

/* Begin PBXFrameworksBuildPhase section */
		837E0FAC1B76797700A18CD7 /* Frameworks */ = {
			isa = PBXFrameworksBuildPhase;
			buildActionMask = 2147483647;
			files = (
			);
			runOnlyForDeploymentPostprocessing = 0;
		};
		837E0FC21B76797700A18CD7 /* Frameworks */ = {
			isa = PBXFrameworksBuildPhase;
			buildActionMask = 2147483647;
			files = (
			);
			runOnlyForDeploymentPostprocessing = 0;
		};
		83DBDB141B7799D000419543 /* Frameworks */ = {
			isa = PBXFrameworksBuildPhase;
			buildActionMask = 2147483647;
			files = (
			);
			runOnlyForDeploymentPostprocessing = 0;
		};
		83DBDB261B7799D000419543 /* Frameworks */ = {
			isa = PBXFrameworksBuildPhase;
			buildActionMask = 2147483647;
			files = (
			);
			runOnlyForDeploymentPostprocessing = 0;
		};
/* End PBXFrameworksBuildPhase section */

/* Begin PBXGroup section */
		837E0FA61B76797700A18CD7 = {
			isa = PBXGroup;
			children = (
				837E0FB11B76797700A18CD7 /* Ejector */,
				837E0FC81B76797700A18CD7 /* EjectorTests */,
				83DBDB181B7799D000419543 /* EjectorLoginItem */,
				83DBDB2C1B7799D000419543 /* EjectorLoginItemTests */,
				837E0FB01B76797700A18CD7 /* Products */,
			);
			sourceTree = "<group>";
			wrapsLines = 1;
		};
		837E0FB01B76797700A18CD7 /* Products */ = {
			isa = PBXGroup;
			children = (
				837E0FAF1B76797700A18CD7 /* Ejector.app */,
				837E0FC51B76797700A18CD7 /* EjectorTests.xctest */,
				83DBDB171B7799D000419543 /* EjectorLoginItem.app */,
				83DBDB291B7799D000419543 /* EjectorLoginItemTests.xctest */,
			);
			name = Products;
			sourceTree = "<group>";
		};
		837E0FB11B76797700A18CD7 /* Ejector */ = {
			isa = PBXGroup;
			children = (
				837E0FD51B767A8600A18CD7 /* Ejector.entitlements */,
				837E0FB41B76797700A18CD7 /* EJEAppDelegate.h */,
				837E0FB51B76797700A18CD7 /* EJEAppDelegate.m */,
				837E0FB91B76797700A18CD7 /* EJEViewController.h */,
				837E0FBA1B76797700A18CD7 /* EJEViewController.m */,
				837E0FBC1B76797700A18CD7 /* EJEImages.xcassets */,
				837E0FBE1B76797700A18CD7 /* EJEMain.storyboard */,
				837E0FB21B76797700A18CD7 /* Supporting Files */,
			);
			path = Ejector;
			sourceTree = "<group>";
		};
		837E0FB21B76797700A18CD7 /* Supporting Files */ = {
			isa = PBXGroup;
			children = (
				837E0FB31B76797700A18CD7 /* EJEInfo.plist */,
				837E0FB71B76797700A18CD7 /* EJEMain.m */,
			);
			name = "Supporting Files";
			sourceTree = "<group>";
		};
		837E0FC81B76797700A18CD7 /* EjectorTests */ = {
			isa = PBXGroup;
			children = (
				837E0FCB1B76797700A18CD7 /* EJETests.m */,
				837E0FC91B76797700A18CD7 /* Supporting Files */,
			);
			path = EjectorTests;
			sourceTree = "<group>";
		};
		837E0FC91B76797700A18CD7 /* Supporting Files */ = {
			isa = PBXGroup;
			children = (
				837E0FCA1B76797700A18CD7 /* EJETestsInfo.plist */,
			);
			name = "Supporting Files";
			sourceTree = "<group>";
		};
		83DBDB181B7799D000419543 /* EjectorLoginItem */ = {
			isa = PBXGroup;
			children = (
				83DBDB371B7799E700419543 /* EjectorLoginItem.entitlements */,
				83DBDB1B1B7799D000419543 /* ELIAppDelegate.h */,
				83DBDB1C1B7799D000419543 /* ELIAppDelegate.m */,
				83DBDB201B7799D000419543 /* ELIImages.xcassets */,
				83DBDB221B7799D000419543 /* ELIMainMenu.xib */,
				83DBDB191B7799D000419543 /* Supporting Files */,
				8312CD6F1B7922EA008F78BC /* ELIStatusItem.xib */,
				8312CD711B7924A5008F78BC /* ELIStatusItem.h */,
				8312CD721B7924A5008F78BC /* ELIStatusItem.m */,
				8312CD741B793EA8008F78BC /* ELIParentApp.h */,
				8312CD751B793EA8008F78BC /* ELIParentApp.m */,
			);
			path = EjectorLoginItem;
			sourceTree = "<group>";
		};
		83DBDB191B7799D000419543 /* Supporting Files */ = {
			isa = PBXGroup;
			children = (
				83DBDB1A1B7799D000419543 /* ELIInfo.plist */,
				83DBDB1E1B7799D000419543 /* ELIMain.m */,
			);
			name = "Supporting Files";
			sourceTree = "<group>";
		};
		83DBDB2C1B7799D000419543 /* EjectorLoginItemTests */ = {
			isa = PBXGroup;
			children = (
				83DBDB2F1B7799D000419543 /* ELITests.m */,
				83DBDB2D1B7799D000419543 /* Supporting Files */,
			);
			path = EjectorLoginItemTests;
			sourceTree = "<group>";
		};
		83DBDB2D1B7799D000419543 /* Supporting Files */ = {
			isa = PBXGroup;
			children = (
				83DBDB2E1B7799D000419543 /* ELITestsInfo.plist */,
			);
			name = "Supporting Files";
			sourceTree = "<group>";
		};
/* End PBXGroup section */

/* Begin PBXNativeTarget section */
		837E0FAE1B76797700A18CD7 /* Ejector */ = {
			isa = PBXNativeTarget;
			buildConfigurationList = 837E0FCF1B76797700A18CD7 /* Build configuration list for PBXNativeTarget "Ejector" */;
			buildPhases = (
				837E0FAB1B76797700A18CD7 /* Sources */,
				837E0FAC1B76797700A18CD7 /* Frameworks */,
				837E0FAD1B76797700A18CD7 /* Resources */,
				83DBDB3B1B779C1700419543 /* CopyFiles */,
			);
			buildRules = (
			);
			dependencies = (
				83DBDB3A1B779A3800419543 /* PBXTargetDependency */,
			);
			name = Ejector;
			productName = Ejector;
			productReference = 837E0FAF1B76797700A18CD7 /* Ejector.app */;
			productType = "com.apple.product-type.application";
		};
		837E0FC41B76797700A18CD7 /* EjectorTests */ = {
			isa = PBXNativeTarget;
			buildConfigurationList = 837E0FD21B76797700A18CD7 /* Build configuration list for PBXNativeTarget "EjectorTests" */;
			buildPhases = (
				837E0FC11B76797700A18CD7 /* Sources */,
				837E0FC21B76797700A18CD7 /* Frameworks */,
				837E0FC31B76797700A18CD7 /* Resources */,
			);
			buildRules = (
			);
			dependencies = (
				837E0FC71B76797700A18CD7 /* PBXTargetDependency */,
			);
			name = EjectorTests;
			productName = EjectorTests;
			productReference = 837E0FC51B76797700A18CD7 /* EjectorTests.xctest */;
			productType = "com.apple.product-type.bundle.unit-test";
		};
		83DBDB161B7799D000419543 /* EjectorLoginItem */ = {
			isa = PBXNativeTarget;
			buildConfigurationList = 83DBDB351B7799D000419543 /* Build configuration list for PBXNativeTarget "EjectorLoginItem" */;
			buildPhases = (
				83DBDB131B7799D000419543 /* Sources */,
				83DBDB141B7799D000419543 /* Frameworks */,
				83DBDB151B7799D000419543 /* Resources */,
			);
			buildRules = (
			);
			dependencies = (
			);
			name = EjectorLoginItem;
			productName = EjectorLoginItem;
			productReference = 83DBDB171B7799D000419543 /* EjectorLoginItem.app */;
			productType = "com.apple.product-type.application";
		};
		83DBDB281B7799D000419543 /* EjectorLoginItemTests */ = {
			isa = PBXNativeTarget;
			buildConfigurationList = 83DBDB361B7799D000419543 /* Build configuration list for PBXNativeTarget "EjectorLoginItemTests" */;
			buildPhases = (
				83DBDB251B7799D000419543 /* Sources */,
				83DBDB261B7799D000419543 /* Frameworks */,
				83DBDB271B7799D000419543 /* Resources */,
			);
			buildRules = (
			);
			dependencies = (
				83DBDB2B1B7799D000419543 /* PBXTargetDependency */,
			);
			name = EjectorLoginItemTests;
			productName = EjectorLoginItemTests;
			productReference = 83DBDB291B7799D000419543 /* EjectorLoginItemTests.xctest */;
			productType = "com.apple.product-type.bundle.unit-test";
		};
/* End PBXNativeTarget section */

/* Begin PBXProject section */
		837E0FA71B76797700A18CD7 /* Project object */ = {
			isa = PBXProject;
			attributes = {
				LastUpgradeCheck = 0640;
				ORGANIZATIONNAME = "Chris Lundie";
				TargetAttributes = {
					837E0FAE1B76797700A18CD7 = {
						CreatedOnToolsVersion = 6.4;
						DevelopmentTeam = LFZPMJ2CPK;
						SystemCapabilities = {
							com.apple.Sandbox = {
								enabled = 1;
							};
						};
					};
					837E0FC41B76797700A18CD7 = {
						CreatedOnToolsVersion = 6.4;
						TestTargetID = 837E0FAE1B76797700A18CD7;
					};
					83DBDB161B7799D000419543 = {
						CreatedOnToolsVersion = 6.4;
						DevelopmentTeam = LFZPMJ2CPK;
						SystemCapabilities = {
							com.apple.Sandbox = {
								enabled = 1;
							};
						};
					};
					83DBDB281B7799D000419543 = {
						CreatedOnToolsVersion = 6.4;
						TestTargetID = 83DBDB161B7799D000419543;
					};
				};
			};
			buildConfigurationList = 837E0FAA1B76797700A18CD7 /* Build configuration list for PBXProject "Ejector" */;
			compatibilityVersion = "Xcode 6.3";
			developmentRegion = English;
			hasScannedForEncodings = 0;
			knownRegions = (
				en,
				Base,
			);
			mainGroup = 837E0FA61B76797700A18CD7;
			productRefGroup = 837E0FB01B76797700A18CD7 /* Products */;
			projectDirPath = "";
			projectRoot = "";
			targets = (
				837E0FAE1B76797700A18CD7 /* Ejector */,
				837E0FC41B76797700A18CD7 /* EjectorTests */,
				83DBDB161B7799D000419543 /* EjectorLoginItem */,
				83DBDB281B7799D000419543 /* EjectorLoginItemTests */,
			);
		};
/* End PBXProject section */

/* Begin PBXResourcesBuildPhase section */
		837E0FAD1B76797700A18CD7 /* Resources */ = {
			isa = PBXResourcesBuildPhase;
			buildActionMask = 2147483647;
			files = (
				837E0FBD1B76797700A18CD7 /* EJEImages.xcassets in Resources */,
				837E0FC01B76797700A18CD7 /* EJEMain.storyboard in Resources */,
			);
			runOnlyForDeploymentPostprocessing = 0;
		};
		837E0FC31B76797700A18CD7 /* Resources */ = {
			isa = PBXResourcesBuildPhase;
			buildActionMask = 2147483647;
			files = (
			);
			runOnlyForDeploymentPostprocessing = 0;
		};
		83DBDB151B7799D000419543 /* Resources */ = {
			isa = PBXResourcesBuildPhase;
			buildActionMask = 2147483647;
			files = (
				83DBDB211B7799D000419543 /* ELIImages.xcassets in Resources */,
				83DBDB241B7799D000419543 /* ELIMainMenu.xib in Resources */,
				8312CD701B7922EA008F78BC /* ELIStatusItem.xib in Resources */,
			);
			runOnlyForDeploymentPostprocessing = 0;
		};
		83DBDB271B7799D000419543 /* Resources */ = {
			isa = PBXResourcesBuildPhase;
			buildActionMask = 2147483647;
			files = (
			);
			runOnlyForDeploymentPostprocessing = 0;
		};
/* End PBXResourcesBuildPhase section */

/* Begin PBXSourcesBuildPhase section */
		837E0FAB1B76797700A18CD7 /* Sources */ = {
			isa = PBXSourcesBuildPhase;
			buildActionMask = 2147483647;
			files = (
				837E0FBB1B76797700A18CD7 /* EJEViewController.m in Sources */,
				837E0FB81B76797700A18CD7 /* EJEMain.m in Sources */,
				837E0FB61B76797700A18CD7 /* EJEAppDelegate.m in Sources */,
			);
			runOnlyForDeploymentPostprocessing = 0;
		};
		837E0FC11B76797700A18CD7 /* Sources */ = {
			isa = PBXSourcesBuildPhase;
			buildActionMask = 2147483647;
			files = (
				837E0FCC1B76797700A18CD7 /* EJETests.m in Sources */,
			);
			runOnlyForDeploymentPostprocessing = 0;
		};
		83DBDB131B7799D000419543 /* Sources */ = {
			isa = PBXSourcesBuildPhase;
			buildActionMask = 2147483647;
			files = (
				8312CD731B7924A5008F78BC /* ELIStatusItem.m in Sources */,
				83DBDB1F1B7799D000419543 /* ELIMain.m in Sources */,
				8312CD761B793EA8008F78BC /* ELIParentApp.m in Sources */,
				83DBDB1D1B7799D000419543 /* ELIAppDelegate.m in Sources */,
			);
			runOnlyForDeploymentPostprocessing = 0;
		};
		83DBDB251B7799D000419543 /* Sources */ = {
			isa = PBXSourcesBuildPhase;
			buildActionMask = 2147483647;
			files = (
				83DBDB301B7799D000419543 /* ELITests.m in Sources */,
			);
			runOnlyForDeploymentPostprocessing = 0;
		};
/* End PBXSourcesBuildPhase section */

/* Begin PBXTargetDependency section */
		837E0FC71B76797700A18CD7 /* PBXTargetDependency */ = {
			isa = PBXTargetDependency;
			target = 837E0FAE1B76797700A18CD7 /* Ejector */;
			targetProxy = 837E0FC61B76797700A18CD7 /* PBXContainerItemProxy */;
		};
		83DBDB2B1B7799D000419543 /* PBXTargetDependency */ = {
			isa = PBXTargetDependency;
			target = 83DBDB161B7799D000419543 /* EjectorLoginItem */;
			targetProxy = 83DBDB2A1B7799D000419543 /* PBXContainerItemProxy */;
		};
		83DBDB3A1B779A3800419543 /* PBXTargetDependency */ = {
			isa = PBXTargetDependency;
			target = 83DBDB161B7799D000419543 /* EjectorLoginItem */;
			targetProxy = 83DBDB391B779A3800419543 /* PBXContainerItemProxy */;
		};
/* End PBXTargetDependency section */

/* Begin PBXVariantGroup section */
		837E0FBE1B76797700A18CD7 /* EJEMain.storyboard */ = {
			isa = PBXVariantGroup;
			children = (
				837E0FBF1B76797700A18CD7 /* Base */,
			);
			name = EJEMain.storyboard;
			sourceTree = "<group>";
		};
		83DBDB221B7799D000419543 /* ELIMainMenu.xib */ = {
			isa = PBXVariantGroup;
			children = (
				83DBDB231B7799D000419543 /* Base */,
			);
			name = ELIMainMenu.xib;
			sourceTree = "<group>";
		};
/* End PBXVariantGroup section */

/* Begin XCBuildConfiguration section */
		837E0FCD1B76797700A18CD7 /* Debug */ = {
			isa = XCBuildConfiguration;
			buildSettings = {
				ALWAYS_SEARCH_USER_PATHS = NO;
				CLANG_ANALYZER_SECURITY_FLOATLOOPCOUNTER = YES;
				CLANG_ANALYZER_SECURITY_INSECUREAPI_RAND = YES;
				CLANG_ANALYZER_SECURITY_INSECUREAPI_STRCPY = YES;
				CLANG_CXX_LANGUAGE_STANDARD = "gnu++0x";
				CLANG_CXX_LIBRARY = "libc++";
				CLANG_ENABLE_MODULES = YES;
				CLANG_ENABLE_OBJC_ARC = YES;
				CLANG_WARN_BOOL_CONVERSION = YES;
				CLANG_WARN_CONSTANT_CONVERSION = YES;
				CLANG_WARN_DIRECT_OBJC_ISA_USAGE = YES_ERROR;
				CLANG_WARN_DOCUMENTATION_COMMENTS = YES;
				CLANG_WARN_EMPTY_BODY = YES;
				CLANG_WARN_ENUM_CONVERSION = YES;
				CLANG_WARN_IMPLICIT_SIGN_CONVERSION = YES;
				CLANG_WARN_INT_CONVERSION = YES;
				CLANG_WARN_OBJC_IMPLICIT_RETAIN_SELF = YES;
				CLANG_WARN_OBJC_RECEIVER_WEAK = YES;
				CLANG_WARN_OBJC_REPEATED_USE_OF_WEAK = YES;
				CLANG_WARN_OBJC_ROOT_CLASS = YES_ERROR;
				CLANG_WARN_SUSPICIOUS_IMPLICIT_CONVERSION = YES;
				CLANG_WARN_UNREACHABLE_CODE = YES;
				CLANG_WARN__DUPLICATE_METHOD_MATCH = YES;
				CODE_SIGN_IDENTITY = "-";
				COPY_PHASE_STRIP = NO;
				DEBUG_INFORMATION_FORMAT = dwarf;
				ENABLE_STRICT_OBJC_MSGSEND = YES;
				GCC_C_LANGUAGE_STANDARD = gnu99;
				GCC_DYNAMIC_NO_PIC = NO;
				GCC_NO_COMMON_BLOCKS = YES;
				GCC_OPTIMIZATION_LEVEL = 0;
				GCC_PREPROCESSOR_DEFINITIONS = (
					"DEBUG=1",
					"$(inherited)",
				);
				GCC_SYMBOLS_PRIVATE_EXTERN = NO;
				GCC_TREAT_IMPLICIT_FUNCTION_DECLARATIONS_AS_ERRORS = YES;
				GCC_TREAT_INCOMPATIBLE_POINTER_TYPE_WARNINGS_AS_ERRORS = YES;
				GCC_TREAT_WARNINGS_AS_ERRORS = YES;
				GCC_WARN_64_TO_32_BIT_CONVERSION = YES;
				GCC_WARN_ABOUT_MISSING_FIELD_INITIALIZERS = YES;
				GCC_WARN_ABOUT_MISSING_NEWLINE = YES;
				GCC_WARN_ABOUT_MISSING_PROTOTYPES = YES;
				GCC_WARN_ABOUT_RETURN_TYPE = YES_ERROR;
				GCC_WARN_INITIALIZER_NOT_FULLY_BRACKETED = YES;
				GCC_WARN_MULTIPLE_DEFINITION_TYPES_FOR_SELECTOR = YES;
				GCC_WARN_SHADOW = YES;
				GCC_WARN_SIGN_COMPARE = YES;
				GCC_WARN_STRICT_SELECTOR_MATCH = YES;
				GCC_WARN_UNDECLARED_SELECTOR = YES;
				GCC_WARN_UNINITIALIZED_AUTOS = YES_AGGRESSIVE;
				GCC_WARN_UNKNOWN_PRAGMAS = YES;
				GCC_WARN_UNUSED_FUNCTION = YES;
				GCC_WARN_UNUSED_LABEL = YES;
				GCC_WARN_UNUSED_VARIABLE = YES;
				MACOSX_DEPLOYMENT_TARGET = 10.10;
				MTL_ENABLE_DEBUG_INFO = YES;
				ONLY_ACTIVE_ARCH = YES;
				SDKROOT = macosx;
			};
			name = Debug;
		};
		837E0FCE1B76797700A18CD7 /* Release */ = {
			isa = XCBuildConfiguration;
			buildSettings = {
				ALWAYS_SEARCH_USER_PATHS = NO;
				CLANG_ANALYZER_SECURITY_FLOATLOOPCOUNTER = YES;
				CLANG_ANALYZER_SECURITY_INSECUREAPI_RAND = YES;
				CLANG_ANALYZER_SECURITY_INSECUREAPI_STRCPY = YES;
				CLANG_CXX_LANGUAGE_STANDARD = "gnu++0x";
				CLANG_CXX_LIBRARY = "libc++";
				CLANG_ENABLE_MODULES = YES;
				CLANG_ENABLE_OBJC_ARC = YES;
				CLANG_WARN_BOOL_CONVERSION = YES;
				CLANG_WARN_CONSTANT_CONVERSION = YES;
				CLANG_WARN_DIRECT_OBJC_ISA_USAGE = YES_ERROR;
				CLANG_WARN_DOCUMENTATION_COMMENTS = YES;
				CLANG_WARN_EMPTY_BODY = YES;
				CLANG_WARN_ENUM_CONVERSION = YES;
				CLANG_WARN_IMPLICIT_SIGN_CONVERSION = YES;
				CLANG_WARN_INT_CONVERSION = YES;
				CLANG_WARN_OBJC_IMPLICIT_RETAIN_SELF = YES;
				CLANG_WARN_OBJC_RECEIVER_WEAK = YES;
				CLANG_WARN_OBJC_REPEATED_USE_OF_WEAK = YES;
				CLANG_WARN_OBJC_ROOT_CLASS = YES_ERROR;
				CLANG_WARN_SUSPICIOUS_IMPLICIT_CONVERSION = YES;
				CLANG_WARN_UNREACHABLE_CODE = YES;
				CLANG_WARN__DUPLICATE_METHOD_MATCH = YES;
				CODE_SIGN_IDENTITY = "-";
				COPY_PHASE_STRIP = NO;
				DEBUG_INFORMATION_FORMAT = "dwarf-with-dsym";
				ENABLE_NS_ASSERTIONS = NO;
				ENABLE_STRICT_OBJC_MSGSEND = YES;
				GCC_C_LANGUAGE_STANDARD = gnu99;
				GCC_NO_COMMON_BLOCKS = YES;
				GCC_TREAT_IMPLICIT_FUNCTION_DECLARATIONS_AS_ERRORS = YES;
				GCC_TREAT_INCOMPATIBLE_POINTER_TYPE_WARNINGS_AS_ERRORS = YES;
				GCC_TREAT_WARNINGS_AS_ERRORS = YES;
				GCC_WARN_64_TO_32_BIT_CONVERSION = YES;
				GCC_WARN_ABOUT_MISSING_FIELD_INITIALIZERS = YES;
				GCC_WARN_ABOUT_MISSING_NEWLINE = YES;
				GCC_WARN_ABOUT_MISSING_PROTOTYPES = YES;
				GCC_WARN_ABOUT_RETURN_TYPE = YES_ERROR;
				GCC_WARN_INITIALIZER_NOT_FULLY_BRACKETED = YES;
				GCC_WARN_MULTIPLE_DEFINITION_TYPES_FOR_SELECTOR = YES;
				GCC_WARN_SHADOW = YES;
				GCC_WARN_SIGN_COMPARE = YES;
				GCC_WARN_STRICT_SELECTOR_MATCH = YES;
				GCC_WARN_UNDECLARED_SELECTOR = YES;
				GCC_WARN_UNINITIALIZED_AUTOS = YES_AGGRESSIVE;
				GCC_WARN_UNKNOWN_PRAGMAS = YES;
				GCC_WARN_UNUSED_FUNCTION = YES;
				GCC_WARN_UNUSED_LABEL = YES;
				GCC_WARN_UNUSED_VARIABLE = YES;
				MACOSX_DEPLOYMENT_TARGET = 10.10;
				MTL_ENABLE_DEBUG_INFO = NO;
				SDKROOT = macosx;
			};
			name = Release;
		};
		837E0FD01B76797700A18CD7 /* Debug */ = {
			isa = XCBuildConfiguration;
			buildSettings = {
				ASSETCATALOG_COMPILER_APPICON_NAME = AppIcon;
				CODE_SIGN_ENTITLEMENTS = Ejector/Ejector.entitlements;
				CODE_SIGN_IDENTITY = "Mac Developer";
				COMBINE_HIDPI_IMAGES = YES;
				INFOPLIST_FILE = Ejector/EJEInfo.plist;
				LD_RUNPATH_SEARCH_PATHS = "$(inherited) @executable_path/../Frameworks";
				PRODUCT_NAME = "$(TARGET_NAME)";
			};
			name = Debug;
		};
		837E0FD11B76797700A18CD7 /* Release */ = {
			isa = XCBuildConfiguration;
			buildSettings = {
				ASSETCATALOG_COMPILER_APPICON_NAME = AppIcon;
				CODE_SIGN_ENTITLEMENTS = Ejector/Ejector.entitlements;
				CODE_SIGN_IDENTITY = "Mac Developer";
				COMBINE_HIDPI_IMAGES = YES;
				INFOPLIST_FILE = Ejector/EJEInfo.plist;
				LD_RUNPATH_SEARCH_PATHS = "$(inherited) @executable_path/../Frameworks";
				PRODUCT_NAME = "$(TARGET_NAME)";
			};
			name = Release;
		};
		837E0FD31B76797700A18CD7 /* Debug */ = {
			isa = XCBuildConfiguration;
			buildSettings = {
				BUNDLE_LOADER = "$(TEST_HOST)";
				COMBINE_HIDPI_IMAGES = YES;
				FRAMEWORK_SEARCH_PATHS = (
					"$(DEVELOPER_FRAMEWORKS_DIR)",
					"$(inherited)",
				);
				GCC_PREPROCESSOR_DEFINITIONS = (
					"DEBUG=1",
					"$(inherited)",
				);
				INFOPLIST_FILE = EjectorTests/EJETestsInfo.plist;
				LD_RUNPATH_SEARCH_PATHS = "$(inherited) @executable_path/../Frameworks @loader_path/../Frameworks";
				PRODUCT_NAME = "$(TARGET_NAME)";
				TEST_HOST = "$(BUILT_PRODUCTS_DIR)/Ejector.app/Contents/MacOS/Ejector";
			};
			name = Debug;
		};
		837E0FD41B76797700A18CD7 /* Release */ = {
			isa = XCBuildConfiguration;
			buildSettings = {
				BUNDLE_LOADER = "$(TEST_HOST)";
				COMBINE_HIDPI_IMAGES = YES;
				FRAMEWORK_SEARCH_PATHS = (
					"$(DEVELOPER_FRAMEWORKS_DIR)",
					"$(inherited)",
				);
				INFOPLIST_FILE = EjectorTests/EJETestsInfo.plist;
				LD_RUNPATH_SEARCH_PATHS = "$(inherited) @executable_path/../Frameworks @loader_path/../Frameworks";
				PRODUCT_NAME = "$(TARGET_NAME)";
				TEST_HOST = "$(BUILT_PRODUCTS_DIR)/Ejector.app/Contents/MacOS/Ejector";
			};
			name = Release;
		};
		83DBDB311B7799D000419543 /* Debug */ = {
			isa = XCBuildConfiguration;
			buildSettings = {
				ASSETCATALOG_COMPILER_APPICON_NAME = AppIcon;
				CODE_SIGN_ENTITLEMENTS = EjectorLoginItem/EjectorLoginItem.entitlements;
				CODE_SIGN_IDENTITY = "Mac Developer";
				COMBINE_HIDPI_IMAGES = YES;
				INFOPLIST_FILE = EjectorLoginItem/ELIInfo.plist;
				LD_RUNPATH_SEARCH_PATHS = "$(inherited) @executable_path/../Frameworks";
				PRODUCT_NAME = "$(TARGET_NAME)";
			};
			name = Debug;
		};
		83DBDB321B7799D000419543 /* Release */ = {
			isa = XCBuildConfiguration;
			buildSettings = {
				ASSETCATALOG_COMPILER_APPICON_NAME = AppIcon;
				CODE_SIGN_ENTITLEMENTS = EjectorLoginItem/EjectorLoginItem.entitlements;
				CODE_SIGN_IDENTITY = "Mac Developer";
				COMBINE_HIDPI_IMAGES = YES;
				INFOPLIST_FILE = EjectorLoginItem/ELIInfo.plist;
				LD_RUNPATH_SEARCH_PATHS = "$(inherited) @executable_path/../Frameworks";
				PRODUCT_NAME = "$(TARGET_NAME)";
			};
			name = Release;
		};
		83DBDB331B7799D000419543 /* Debug */ = {
			isa = XCBuildConfiguration;
			buildSettings = {
				BUNDLE_LOADER = "$(TEST_HOST)";
				COMBINE_HIDPI_IMAGES = YES;
				FRAMEWORK_SEARCH_PATHS = (
					"$(DEVELOPER_FRAMEWORKS_DIR)",
					"$(inherited)",
				);
				GCC_PREPROCESSOR_DEFINITIONS = (
					"DEBUG=1",
					"$(inherited)",
				);
				INFOPLIST_FILE = EjectorLoginItemTests/ELITestsInfo.plist;
				LD_RUNPATH_SEARCH_PATHS = "$(inherited) @executable_path/../Frameworks @loader_path/../Frameworks";
				PRODUCT_NAME = "$(TARGET_NAME)";
				TEST_HOST = "$(BUILT_PRODUCTS_DIR)/EjectorLoginItem.app/Contents/MacOS/EjectorLoginItem";
			};
			name = Debug;
		};
		83DBDB341B7799D000419543 /* Release */ = {
			isa = XCBuildConfiguration;
			buildSettings = {
				BUNDLE_LOADER = "$(TEST_HOST)";
				COMBINE_HIDPI_IMAGES = YES;
				FRAMEWORK_SEARCH_PATHS = (
					"$(DEVELOPER_FRAMEWORKS_DIR)",
					"$(inherited)",
				);
				INFOPLIST_FILE = EjectorLoginItemTests/ELITestsInfo.plist;
				LD_RUNPATH_SEARCH_PATHS = "$(inherited) @executable_path/../Frameworks @loader_path/../Frameworks";
				PRODUCT_NAME = "$(TARGET_NAME)";
				TEST_HOST = "$(BUILT_PRODUCTS_DIR)/EjectorLoginItem.app/Contents/MacOS/EjectorLoginItem";
			};
			name = Release;
		};
/* End XCBuildConfiguration section */

/* Begin XCConfigurationList section */
		837E0FAA1B76797700A18CD7 /* Build configuration list for PBXProject "Ejector" */ = {
			isa = XCConfigurationList;
			buildConfigurations = (
				837E0FCD1B76797700A18CD7 /* Debug */,
				837E0FCE1B76797700A18CD7 /* Release */,
			);
			defaultConfigurationIsVisible = 0;
			defaultConfigurationName = Release;
		};
		837E0FCF1B76797700A18CD7 /* Build configuration list for PBXNativeTarget "Ejector" */ = {
			isa = XCConfigurationList;
			buildConfigurations = (
				837E0FD01B76797700A18CD7 /* Debug */,
				837E0FD11B76797700A18CD7 /* Release */,
			);
			defaultConfigurationIsVisible = 0;
			defaultConfigurationName = Release;
		};
		837E0FD21B76797700A18CD7 /* Build configuration list for PBXNativeTarget "EjectorTests" */ = {
			isa = XCConfigurationList;
			buildConfigurations = (
				837E0FD31B76797700A18CD7 /* Debug */,
				837E0FD41B76797700A18CD7 /* Release */,
			);
			defaultConfigurationIsVisible = 0;
			defaultConfigurationName = Release;
		};
		83DBDB351B7799D000419543 /* Build configuration list for PBXNativeTarget "EjectorLoginItem" */ = {
			isa = XCConfigurationList;
			buildConfigurations = (
				83DBDB311B7799D000419543 /* Debug */,
				83DBDB321B7799D000419543 /* Release */,
			);
			defaultConfigurationIsVisible = 0;
			defaultConfigurationName = Release;
		};
		83DBDB361B7799D000419543 /* Build configuration list for PBXNativeTarget "EjectorLoginItemTests" */ = {
			isa = XCConfigurationList;
			buildConfigurations = (
				83DBDB331B7799D000419543 /* Debug */,
				83DBDB341B7799D000419543 /* Release */,
			);
			defaultConfigurationIsVisible = 0;
			defaultConfigurationName = Release;
		};
/* End XCConfigurationList section */
	};
	rootObject = 837E0FA71B76797700A18CD7 /* Project object */;
}
